
Microsoft Visual Studio Solution File, Format Version 12.00
# Visual Studio Version 17
VisualStudioVersion = 17.13.35825.156 d17.13
MinimumVisualStudioVersion = 10.0.40219.1
Project("{FAE04EC0-301F-11D3-BF4B-00C04F79EFBC}") = "PerdeKesme", "PerdeKesme\PerdeKesme.csproj", "{A1639506-42C5-446E-8603-49505BEED5E2}"
EndProject
Project("{FAE04EC0-301F-11D3-BF4B-00C04F79EFBC}") = "DataAccessLayer", "DataAccessLayer\DataAccessLayer.csproj", "{C454BC6C-0300-49C3-AC82-16973377B72B}"
EndProject
Global
	GlobalSection(SolutionConfigurationPlatforms) = preSolution
		Debug|Any CPU = Debug|Any CPU
		Release|Any CPU = Release|Any CPU
	EndGlobalSection
	GlobalSection(ProjectConfigurationPlatforms) = postSolution
		{A1639506-42C5-446E-8603-49505BEED5E2}.Debug|Any CPU.ActiveCfg = Debug|Any CPU
		{A1639506-42C5-446E-8603-49505BEED5E2}.Debug|Any CPU.Build.0 = Debug|Any CPU
		{A1639506-42C5-446E-8603-49505BEED5E2}.Release|Any CPU.ActiveCfg = Release|Any CPU
		{A1639506-42C5-446E-8603-49505BEED5E2}.Release|Any CPU.Build.0 = Release|Any CPU
		{C454BC6C-0300-49C3-AC82-16973377B72B}.Debug|Any CPU.ActiveCfg = Debug|Any CPU
		{C454BC6C-0300-49C3-AC82-16973377B72B}.Debug|Any CPU.Build.0 = Debug|Any CPU
		{C454BC6C-0300-49C3-AC82-16973377B72B}.Release|Any CPU.ActiveCfg = Release|Any CPU
		{C454BC6C-0300-49C3-AC82-16973377B72B}.Release|Any CPU.Build.0 = Release|Any CPU
	EndGlobalSection
	GlobalSection(SolutionProperties) = preSolution
		HideSolutionNode = FALSE
	EndGlobalSection
	GlobalSection(ExtensibilityGlobals) = postSolution
		SolutionGuid = {FEAD294C-6934-478E-905E-E08FBEF4CD19}
	EndGlobalSection
EndGlobal
